
Microsoft Visual Studio Solution File, Format Version 12.00
# Visual Studio Version 16
VisualStudioVersion = 16.0.32228.343
MinimumVisualStudioVersion = 10.0.40219.1
Project("{FAE04EC0-301F-11D3-BF4B-00C04F79EFBC}") = "Tankz", "Tankz.csproj", "{49D344B3-D988-48E3-B5AD-7A0438C33668}"
EndProject
Global
	GlobalSection(SolutionConfigurationPlatforms) = preSolution
		Debug|Any CPU = Debug|Any CPU
		Release|Any CPU = Release|Any CPU
	EndGlobalSection
	GlobalSection(ProjectConfigurationPlatforms) = postSolution
		{49D344B3-D988-48E3-B5AD-7A0438C33668}.Debug|Any CPU.ActiveCfg = Debug|Any CPU
		{49D344B3-D988-48E3-B5AD-7A0438C33668}.Debug|Any CPU.Build.0 = Debug|Any CPU
		{49D344B3-D988-48E3-B5AD-7A0438C33668}.Release|Any CPU.ActiveCfg = Release|Any CPU
		{49D344B3-D988-48E3-B5AD-7A0438C33668}.Release|Any CPU.Build.0 = Release|Any CPU
	EndGlobalSection
	GlobalSection(SolutionProperties) = preSolution
		HideSolutionNode = FALSE
	EndGlobalSection
	GlobalSection(ExtensibilityGlobals) = postSolution
		SolutionGuid = {B8AC75C7-CAD0-4627-BCCA-9AB9F46CAB56}
	EndGlobalSection
EndGlobal
